// !$*UTF8*$!
{
	archiveVersion = 1;
	classes = {
	};
	objectVersion = 55;
	objects = {

/* Begin PBXBuildFile section */
		253B100C28C38C6C0027943F /* AppDelegate.swift in Sources */ = {isa = PBXBuildFile; fileRef = 253B100B28C38C6C0027943F /* AppDelegate.swift */; };
		253B101528C38C6C0027943F /* Assets.xcassets in Resources */ = {isa = PBXBuildFile; fileRef = 253B101428C38C6C0027943F /* Assets.xcassets */; };
		253B101828C38C6C0027943F /* LaunchScreen.storyboard in Resources */ = {isa = PBXBuildFile; fileRef = 253B101628C38C6C0027943F /* LaunchScreen.storyboard */; };
		253B102528C3907C0027943F /* FoodModel.xcdatamodeld in Sources */ = {isa = PBXBuildFile; fileRef = 253B102328C3907C0027943F /* FoodModel.xcdatamodeld */; };
		253B102728C3935F0027943F /* StorageManager.swift in Sources */ = {isa = PBXBuildFile; fileRef = 253B102628C3935F0027943F /* StorageManager.swift */; };
		253B103128C39BDD0027943F /* .gitignore in Resources */ = {isa = PBXBuildFile; fileRef = 253B103028C39BDD0027943F /* .gitignore */; };
		253B103428C3A84B0027943F /* FoodListTableViewController.swift in Sources */ = {isa = PBXBuildFile; fileRef = 253B103328C3A84B0027943F /* FoodListTableViewController.swift */; };
/* End PBXBuildFile section */

/* Begin PBXFileReference section */
		253B100828C38C6C0027943F /* CaloriesApp.app */ = {isa = PBXFileReference; explicitFileType = wrapper.application; includeInIndex = 0; path = CaloriesApp.app; sourceTree = BUILT_PRODUCTS_DIR; };
		253B100B28C38C6C0027943F /* AppDelegate.swift */ = {isa = PBXFileReference; lastKnownFileType = sourcecode.swift; path = AppDelegate.swift; sourceTree = "<group>"; };
		253B101428C38C6C0027943F /* Assets.xcassets */ = {isa = PBXFileReference; lastKnownFileType = folder.assetcatalog; path = Assets.xcassets; sourceTree = "<group>"; };
		253B101728C38C6C0027943F /* Base */ = {isa = PBXFileReference; lastKnownFileType = file.storyboard; name = Base; path = Base.lproj/LaunchScreen.storyboard; sourceTree = "<group>"; };
		253B101928C38C6C0027943F /* Info.plist */ = {isa = PBXFileReference; lastKnownFileType = text.plist.xml; path = Info.plist; sourceTree = "<group>"; };
		253B102428C3907C0027943F /* FoodModel.xcdatamodel */ = {isa = PBXFileReference; lastKnownFileType = wrapper.xcdatamodel; path = FoodModel.xcdatamodel; sourceTree = "<group>"; };
		253B102628C3935F0027943F /* StorageManager.swift */ = {isa = PBXFileReference; lastKnownFileType = sourcecode.swift; path = StorageManager.swift; sourceTree = "<group>"; };
		253B103028C39BDD0027943F /* .gitignore */ = {isa = PBXFileReference; lastKnownFileType = text; path = .gitignore; sourceTree = "<group>"; };
		253B103328C3A84B0027943F /* FoodListTableViewController.swift */ = {isa = PBXFileReference; lastKnownFileType = sourcecode.swift; path = FoodListTableViewController.swift; sourceTree = "<group>"; };
/* End PBXFileReference section */

/* Begin PBXFrameworksBuildPhase section */
		253B100528C38C6C0027943F /* Frameworks */ = {
			isa = PBXFrameworksBuildPhase;
			buildActionMask = 2147483647;
			files = (
			);
			runOnlyForDeploymentPostprocessing = 0;
		};
/* End PBXFrameworksBuildPhase section */

/* Begin PBXGroup section */
		253B0FFF28C38C6C0027943F = {
			isa = PBXGroup;
			children = (
				253B100A28C38C6C0027943F /* CaloriesApp */,
				253B100928C38C6C0027943F /* Products */,
			);
			sourceTree = "<group>";
		};
		253B100928C38C6C0027943F /* Products */ = {
			isa = PBXGroup;
			children = (
				253B100828C38C6C0027943F /* CaloriesApp.app */,
			);
			name = Products;
			sourceTree = "<group>";
		};
		253B100A28C38C6C0027943F /* CaloriesApp */ = {
			isa = PBXGroup;
			children = (
				253B102028C38D4F0027943F /* ViewControllers */,
				253B102228C38F200027943F /* DataModel */,
				253B102128C38D670027943F /* Resources */,
				253B101F28C38D320027943F /* App */,
				253B103228C39BE00027943F /* Git */,
			);
			path = CaloriesApp;
			sourceTree = "<group>";
		};
		253B101F28C38D320027943F /* App */ = {
			isa = PBXGroup;
			children = (
				253B100B28C38C6C0027943F /* AppDelegate.swift */,
				253B101928C38C6C0027943F /* Info.plist */,
			);
			path = App;
			sourceTree = "<group>";
		};
		253B102028C38D4F0027943F /* ViewControllers */ = {
			isa = PBXGroup;
			children = (
				253B103328C3A84B0027943F /* FoodListTableViewController.swift */,
			);
			path = ViewControllers;
			sourceTree = "<group>";
		};
		253B102128C38D670027943F /* Resources */ = {
			isa = PBXGroup;
			children = (
				253B101428C38C6C0027943F /* Assets.xcassets */,
				253B101628C38C6C0027943F /* LaunchScreen.storyboard */,
			);
			path = Resources;
			sourceTree = "<group>";
		};
		253B102228C38F200027943F /* DataModel */ = {
			isa = PBXGroup;
			children = (
				253B102328C3907C0027943F /* FoodModel.xcdatamodeld */,
				253B102628C3935F0027943F /* StorageManager.swift */,
			);
			path = DataModel;
			sourceTree = "<group>";
		};
		253B103228C39BE00027943F /* Git */ = {
			isa = PBXGroup;
			children = (
				253B103028C39BDD0027943F /* .gitignore */,
			);
			path = Git;
			sourceTree = "<group>";
		};
/* End PBXGroup section */

/* Begin PBXNativeTarget section */
		253B100728C38C6C0027943F /* CaloriesApp */ = {
			isa = PBXNativeTarget;
			buildConfigurationList = 253B101C28C38C6C0027943F /* Build configuration list for PBXNativeTarget "CaloriesApp" */;
			buildPhases = (
				253B100428C38C6C0027943F /* Sources */,
				253B100528C38C6C0027943F /* Frameworks */,
				253B100628C38C6C0027943F /* Resources */,
			);
			buildRules = (
			);
			dependencies = (
			);
			name = CaloriesApp;
			productName = CaloriesApp;
			productReference = 253B100828C38C6C0027943F /* CaloriesApp.app */;
			productType = "com.apple.product-type.application";
		};
/* End PBXNativeTarget section */

/* Begin PBXProject section */
		253B100028C38C6C0027943F /* Project object */ = {
			isa = PBXProject;
			attributes = {
				BuildIndependentTargetsInParallel = 1;
				LastSwiftUpdateCheck = 1340;
				LastUpgradeCheck = 1340;
				TargetAttributes = {
					253B100728C38C6C0027943F = {
						CreatedOnToolsVersion = 13.4.1;
					};
				};
			};
			buildConfigurationList = 253B100328C38C6C0027943F /* Build configuration list for PBXProject "CaloriesApp" */;
			compatibilityVersion = "Xcode 13.0";
			developmentRegion = en;
			hasScannedForEncodings = 0;
			knownRegions = (
				en,
				Base,
			);
			mainGroup = 253B0FFF28C38C6C0027943F;
			productRefGroup = 253B100928C38C6C0027943F /* Products */;
			projectDirPath = "";
			projectRoot = "";
			targets = (
				253B100728C38C6C0027943F /* CaloriesApp */,
			);
		};
/* End PBXProject section */

/* Begin PBXResourcesBuildPhase section */
		253B100628C38C6C0027943F /* Resources */ = {
			isa = PBXResourcesBuildPhase;
			buildActionMask = 2147483647;
			files = (
				253B101828C38C6C0027943F /* LaunchScreen.storyboard in Resources */,
				253B103128C39BDD0027943F /* .gitignore in Resources */,
				253B101528C38C6C0027943F /* Assets.xcassets in Resources */,
			);
			runOnlyForDeploymentPostprocessing = 0;
		};
/* End PBXResourcesBuildPhase section */

/* Begin PBXSourcesBuildPhase section */
		253B100428C38C6C0027943F /* Sources */ = {
			isa = PBXSourcesBuildPhase;
			buildActionMask = 2147483647;
			files = (
				253B103428C3A84B0027943F /* FoodListTableViewController.swift in Sources */,
				253B102728C3935F0027943F /* StorageManager.swift in Sources */,
				253B100C28C38C6C0027943F /* AppDelegate.swift in Sources */,
				253B102528C3907C0027943F /* FoodModel.xcdatamodeld in Sources */,
			);
			runOnlyForDeploymentPostprocessing = 0;
		};
/* End PBXSourcesBuildPhase section */

/* Begin PBXVariantGroup section */
		253B101628C38C6C0027943F /* LaunchScreen.storyboard */ = {
			isa = PBXVariantGroup;
			children = (
				253B101728C38C6C0027943F /* Base */,
			);
			name = LaunchScreen.storyboard;
			sourceTree = "<group>";
		};
/* End PBXVariantGroup section */

/* Begin XCBuildConfiguration section */
		253B101A28C38C6C0027943F /* Debug */ = {
			isa = XCBuildConfiguration;
			buildSettings = {
				ALWAYS_SEARCH_USER_PATHS = NO;
				CLANG_ANALYZER_NONNULL = YES;
				CLANG_ANALYZER_NUMBER_OBJECT_CONVERSION = YES_AGGRESSIVE;
				CLANG_CXX_LANGUAGE_STANDARD = "gnu++17";
				CLANG_ENABLE_MODULES = YES;
				CLANG_ENABLE_OBJC_ARC = YES;
				CLANG_ENABLE_OBJC_WEAK = YES;
				CLANG_WARN_BLOCK_CAPTURE_AUTORELEASING = YES;
				CLANG_WARN_BOOL_CONVERSION = YES;
				CLANG_WARN_COMMA = YES;
				CLANG_WARN_CONSTANT_CONVERSION = YES;
				CLANG_WARN_DEPRECATED_OBJC_IMPLEMENTATIONS = YES;
				CLANG_WARN_DIRECT_OBJC_ISA_USAGE = YES_ERROR;
				CLANG_WARN_DOCUMENTATION_COMMENTS = YES;
				CLANG_WARN_EMPTY_BODY = YES;
				CLANG_WARN_ENUM_CONVERSION = YES;
				CLANG_WARN_INFINITE_RECURSION = YES;
				CLANG_WARN_INT_CONVERSION = YES;
				CLANG_WARN_NON_LITERAL_NULL_CONVERSION = YES;
				CLANG_WARN_OBJC_IMPLICIT_RETAIN_SELF = YES;
				CLANG_WARN_OBJC_LITERAL_CONVERSION = YES;
				CLANG_WARN_OBJC_ROOT_CLASS = YES_ERROR;
				CLANG_WARN_QUOTED_INCLUDE_IN_FRAMEWORK_HEADER = YES;
				CLANG_WARN_RANGE_LOOP_ANALYSIS = YES;
				CLANG_WARN_STRICT_PROTOTYPES = YES;
				CLANG_WARN_SUSPICIOUS_MOVE = YES;
				CLANG_WARN_UNGUARDED_AVAILABILITY = YES_AGGRESSIVE;
				CLANG_WARN_UNREACHABLE_CODE = YES;
				CLANG_WARN__DUPLICATE_METHOD_MATCH = YES;
				COPY_PHASE_STRIP = NO;
				DEBUG_INFORMATION_FORMAT = dwarf;
				ENABLE_STRICT_OBJC_MSGSEND = YES;
				ENABLE_TESTABILITY = YES;
				GCC_C_LANGUAGE_STANDARD = gnu11;
				GCC_DYNAMIC_NO_PIC = NO;
				GCC_NO_COMMON_BLOCKS = YES;
				GCC_OPTIMIZATION_LEVEL = 0;
				GCC_PREPROCESSOR_DEFINITIONS = (
					"DEBUG=1",
					"$(inherited)",
				);
				GCC_WARN_64_TO_32_BIT_CONVERSION = YES;
				GCC_WARN_ABOUT_RETURN_TYPE = YES_ERROR;
				GCC_WARN_UNDECLARED_SELECTOR = YES;
				GCC_WARN_UNINITIALIZED_AUTOS = YES_AGGRESSIVE;
				GCC_WARN_UNUSED_FUNCTION = YES;
				GCC_WARN_UNUSED_VARIABLE = YES;
				IPHONEOS_DEPLOYMENT_TARGET = 15.5;
				MTL_ENABLE_DEBUG_INFO = INCLUDE_SOURCE;
				MTL_FAST_MATH = YES;
				ONLY_ACTIVE_ARCH = YES;
				SDKROOT = iphoneos;
				SWIFT_ACTIVE_COMPILATION_CONDITIONS = DEBUG;
				SWIFT_OPTIMIZATION_LEVEL = "-Onone";
			};
			name = Debug;
		};
		253B101B28C38C6C0027943F /* Release */ = {
			isa = XCBuildConfiguration;
			buildSettings = {
				ALWAYS_SEARCH_USER_PATHS = NO;
				CLANG_ANALYZER_NONNULL = YES;
				CLANG_ANALYZER_NUMBER_OBJECT_CONVERSION = YES_AGGRESSIVE;
				CLANG_CXX_LANGUAGE_STANDARD = "gnu++17";
				CLANG_ENABLE_MODULES = YES;
				CLANG_ENABLE_OBJC_ARC = YES;
				CLANG_ENABLE_OBJC_WEAK = YES;
				CLANG_WARN_BLOCK_CAPTURE_AUTORELEASING = YES;
				CLANG_WARN_BOOL_CONVERSION = YES;
				CLANG_WARN_COMMA = YES;
				CLANG_WARN_CONSTANT_CONVERSION = YES;
				CLANG_WARN_DEPRECATED_OBJC_IMPLEMENTATIONS = YES;
				CLANG_WARN_DIRECT_OBJC_ISA_USAGE = YES_ERROR;
				CLANG_WARN_DOCUMENTATION_COMMENTS = YES;
				CLANG_WARN_EMPTY_BODY = YES;
				CLANG_WARN_ENUM_CONVERSION = YES;
				CLANG_WARN_INFINITE_RECURSION = YES;
				CLANG_WARN_INT_CONVERSION = YES;
				CLANG_WARN_NON_LITERAL_NULL_CONVERSION = YES;
				CLANG_WARN_OBJC_IMPLICIT_RETAIN_SELF = YES;
				CLANG_WARN_OBJC_LITERAL_CONVERSION = YES;
				CLANG_WARN_OBJC_ROOT_CLASS = YES_ERROR;
				CLANG_WARN_QUOTED_INCLUDE_IN_FRAMEWORK_HEADER = YES;
				CLANG_WARN_RANGE_LOOP_ANALYSIS = YES;
				CLANG_WARN_STRICT_PROTOTYPES = YES;
				CLANG_WARN_SUSPICIOUS_MOVE = YES;
				CLANG_WARN_UNGUARDED_AVAILABILITY = YES_AGGRESSIVE;
				CLANG_WARN_UNREACHABLE_CODE = YES;
				CLANG_WARN__DUPLICATE_METHOD_MATCH = YES;
				COPY_PHASE_STRIP = NO;
				DEBUG_INFORMATION_FORMAT = "dwarf-with-dsym";
				ENABLE_NS_ASSERTIONS = NO;
				ENABLE_STRICT_OBJC_MSGSEND = YES;
				GCC_C_LANGUAGE_STANDARD = gnu11;
				GCC_NO_COMMON_BLOCKS = YES;
				GCC_WARN_64_TO_32_BIT_CONVERSION = YES;
				GCC_WARN_ABOUT_RETURN_TYPE = YES_ERROR;
				GCC_WARN_UNDECLARED_SELECTOR = YES;
				GCC_WARN_UNINITIALIZED_AUTOS = YES_AGGRESSIVE;
				GCC_WARN_UNUSED_FUNCTION = YES;
				GCC_WARN_UNUSED_VARIABLE = YES;
				IPHONEOS_DEPLOYMENT_TARGET = 15.5;
				MTL_ENABLE_DEBUG_INFO = NO;
				MTL_FAST_MATH = YES;
				SDKROOT = iphoneos;
				SWIFT_COMPILATION_MODE = wholemodule;
				SWIFT_OPTIMIZATION_LEVEL = "-O";
				VALIDATE_PRODUCT = YES;
			};
			name = Release;
		};
		253B101D28C38C6C0027943F /* Debug */ = {
			isa = XCBuildConfiguration;
			buildSettings = {
				ASSETCATALOG_COMPILER_APPICON_NAME = AppIcon;
				ASSETCATALOG_COMPILER_GLOBAL_ACCENT_COLOR_NAME = AccentColor;
				CODE_SIGN_STYLE = Automatic;
				CURRENT_PROJECT_VERSION = 1;
				DEVELOPMENT_TEAM = DWMGJ928Y5;
				GENERATE_INFOPLIST_FILE = YES;
				INFOPLIST_FILE = CaloriesApp/App/Info.plist;
				INFOPLIST_KEY_UIApplicationSupportsIndirectInputEvents = YES;
				INFOPLIST_KEY_UILaunchStoryboardName = LaunchScreen;
				INFOPLIST_KEY_UISupportedInterfaceOrientations = UIInterfaceOrientationPortrait;
				INFOPLIST_KEY_UISupportedInterfaceOrientations_iPad = "UIInterfaceOrientationPortrait UIInterfaceOrientationPortraitUpsideDown UIInterfaceOrientationLandscapeLeft UIInterfaceOrientationLandscapeRight";
				INFOPLIST_KEY_UISupportedInterfaceOrientations_iPhone = "UIInterfaceOrientationPortrait UIInterfaceOrientationLandscapeLeft UIInterfaceOrientationLandscapeRight";
				IPHONEOS_DEPLOYMENT_TARGET = 13.0;
				LD_RUNPATH_SEARCH_PATHS = (
					"$(inherited)",
					"@executable_path/Frameworks",
				);
				MARKETING_VERSION = 1.0;
				PRODUCT_BUNDLE_IDENTIFIER = JuliaRomanenko.CaloriesApp;
				PRODUCT_NAME = "$(TARGET_NAME)";
				SWIFT_EMIT_LOC_STRINGS = YES;
				SWIFT_VERSION = 5.0;
				TARGETED_DEVICE_FAMILY = 1;
			};
			name = Debug;
		};
		253B101E28C38C6C0027943F /* Release */ = {
			isa = XCBuildConfiguration;
			buildSettings = {
				ASSETCATALOG_COMPILER_APPICON_NAME = AppIcon;
				ASSETCATALOG_COMPILER_GLOBAL_ACCENT_COLOR_NAME = AccentColor;
				CODE_SIGN_STYLE = Automatic;
				CURRENT_PROJECT_VERSION = 1;
				DEVELOPMENT_TEAM = DWMGJ928Y5;
				GENERATE_INFOPLIST_FILE = YES;
				INFOPLIST_FILE = CaloriesApp/App/Info.plist;
				INFOPLIST_KEY_UIApplicationSupportsIndirectInputEvents = YES;
				INFOPLIST_KEY_UILaunchStoryboardName = LaunchScreen;
				INFOPLIST_KEY_UISupportedInterfaceOrientations = UIInterfaceOrientationPortrait;
				INFOPLIST_KEY_UISupportedInterfaceOrientations_iPad = "UIInterfaceOrientationPortrait UIInterfaceOrientationPortraitUpsideDown UIInterfaceOrientationLandscapeLeft UIInterfaceOrientationLandscapeRight";
				INFOPLIST_KEY_UISupportedInterfaceOrientations_iPhone = "UIInterfaceOrientationPortrait UIInterfaceOrientationLandscapeLeft UIInterfaceOrientationLandscapeRight";
				IPHONEOS_DEPLOYMENT_TARGET = 13.0;
				LD_RUNPATH_SEARCH_PATHS = (
					"$(inherited)",
					"@executable_path/Frameworks",
				);
				MARKETING_VERSION = 1.0;
				PRODUCT_BUNDLE_IDENTIFIER = JuliaRomanenko.CaloriesApp;
				PRODUCT_NAME = "$(TARGET_NAME)";
				SWIFT_EMIT_LOC_STRINGS = YES;
				SWIFT_VERSION = 5.0;
				TARGETED_DEVICE_FAMILY = 1;
			};
			name = Release;
		};
/* End XCBuildConfiguration section */

/* Begin XCConfigurationList section */
		253B100328C38C6C0027943F /* Build configuration list for PBXProject "CaloriesApp" */ = {
			isa = XCConfigurationList;
			buildConfigurations = (
				253B101A28C38C6C0027943F /* Debug */,
				253B101B28C38C6C0027943F /* Release */,
			);
			defaultConfigurationIsVisible = 0;
			defaultConfigurationName = Release;
		};
		253B101C28C38C6C0027943F /* Build configuration list for PBXNativeTarget "CaloriesApp" */ = {
			isa = XCConfigurationList;
			buildConfigurations = (
				253B101D28C38C6C0027943F /* Debug */,
				253B101E28C38C6C0027943F /* Release */,
			);
			defaultConfigurationIsVisible = 0;
			defaultConfigurationName = Release;
		};
/* End XCConfigurationList section */

/* Begin XCVersionGroup section */
		253B102328C3907C0027943F /* FoodModel.xcdatamodeld */ = {
			isa = XCVersionGroup;
			children = (
				253B102428C3907C0027943F /* FoodModel.xcdatamodel */,
			);
			currentVersion = 253B102428C3907C0027943F /* FoodModel.xcdatamodel */;
			path = FoodModel.xcdatamodeld;
			sourceTree = "<group>";
			versionGroupType = wrapper.xcdatamodel;
		};
/* End XCVersionGroup section */
	};
	rootObject = 253B100028C38C6C0027943F /* Project object */;
}
